
Microsoft Visual Studio Solution File, Format Version 12.00
# Visual Studio Version 16
VisualStudioVersion = 16.0.28803.352
MinimumVisualStudioVersion = 10.0.40219.1
Project("{FAE04EC0-301F-11D3-BF4B-00C04F79EFBC}") = "EjerciciosCSharp5-8", "EjerciciosCSharp5-8.csproj", "{598E855C-1567-4A03-97A2-16919253B58E}"
EndProject
Global
	GlobalSection(SolutionConfigurationPlatforms) = preSolution
		Debug|Any CPU = Debug|Any CPU
		Release|Any CPU = Release|Any CPU
	EndGlobalSection
	GlobalSection(ProjectConfigurationPlatforms) = postSolution
		{598E855C-1567-4A03-97A2-16919253B58E}.Debug|Any CPU.ActiveCfg = Debug|Any CPU
		{598E855C-1567-4A03-97A2-16919253B58E}.Debug|Any CPU.Build.0 = Debug|Any CPU
		{598E855C-1567-4A03-97A2-16919253B58E}.Release|Any CPU.ActiveCfg = Release|Any CPU
		{598E855C-1567-4A03-97A2-16919253B58E}.Release|Any CPU.Build.0 = Release|Any CPU
	EndGlobalSection
	GlobalSection(SolutionProperties) = preSolution
		HideSolutionNode = FALSE
	EndGlobalSection
	GlobalSection(ExtensibilityGlobals) = postSolution
		SolutionGuid = {D14C9D6A-6E9A-4FFE-9FAF-D684F3B4B421}
	EndGlobalSection
EndGlobal
